// !$*UTF8*$!
{
	archiveVersion = 1;
	classes = {
	};
	objectVersion = 46;
	objects = {

/* Begin PBXBuildFile section */
		018AA5DE1941A01300FAC8CA /* continueBG.png in Resources */ = {isa = PBXBuildFile; fileRef = 018AA5D81941A01300FAC8CA /* continueBG.png */; };
		018AA5DF1941A01300FAC8CA /* invalidBG.png in Resources */ = {isa = PBXBuildFile; fileRef = 018AA5D91941A01300FAC8CA /* invalidBG.png */; };
		018AA5E01941A01300FAC8CA /* missionLogo.png in Resources */ = {isa = PBXBuildFile; fileRef = 018AA5DA1941A01300FAC8CA /* missionLogo.png */; };
		018AA5E11941A01300FAC8CA /* missionLogoSmall.png in Resources */ = {isa = PBXBuildFile; fileRef = 018AA5DB1941A01300FAC8CA /* missionLogoSmall.png */; };
		018AA5E21941A01300FAC8CA /* startScanning.png in Resources */ = {isa = PBXBuildFile; fileRef = 018AA5DC1941A01300FAC8CA /* startScanning.png */; };
		018AA5E31941A01300FAC8CA /* validBG.png in Resources */ = {isa = PBXBuildFile; fileRef = 018AA5DD1941A01300FAC8CA /* validBG.png */; };
		018AA5E61941A2E200FAC8CA /* OpenSans-ExtraBold.ttf in Resources */ = {isa = PBXBuildFile; fileRef = 018AA5E51941A2E200FAC8CA /* OpenSans-ExtraBold.ttf */; };
		018AA5E91941A38500FAC8CA /* OpenSans-CondLight.ttf in Resources */ = {isa = PBXBuildFile; fileRef = 018AA5E71941A38500FAC8CA /* OpenSans-CondLight.ttf */; };
		018AA5EA1941A38500FAC8CA /* OpenSans-CondBold.ttf in Resources */ = {isa = PBXBuildFile; fileRef = 018AA5E81941A38500FAC8CA /* OpenSans-CondBold.ttf */; };
		018AA5EE1941A6BC00FAC8CA /* StartViewController.m in Sources */ = {isa = PBXBuildFile; fileRef = 018AA5ED1941A6BC00FAC8CA /* StartViewController.m */; };
		018AA5F11941BEF200FAC8CA /* ScanViewController.m in Sources */ = {isa = PBXBuildFile; fileRef = 018AA5F01941BEF200FAC8CA /* ScanViewController.m */; };
		1CE694751944014E0094DE76 /* adMissionSettings.m in Sources */ = {isa = PBXBuildFile; fileRef = 1CE694741944014E0094DE76 /* adMissionSettings.m */; };
		C0F2127F1845D0BB005DC125 /* Foundation.framework in Frameworks */ = {isa = PBXBuildFile; fileRef = C0F2127E1845D0BB005DC125 /* Foundation.framework */; };
		C0F212811845D0BB005DC125 /* CoreGraphics.framework in Frameworks */ = {isa = PBXBuildFile; fileRef = C0F212801845D0BB005DC125 /* CoreGraphics.framework */; };
		C0F212831845D0BB005DC125 /* UIKit.framework in Frameworks */ = {isa = PBXBuildFile; fileRef = C0F212821845D0BB005DC125 /* UIKit.framework */; };
		C0F212891845D0BB005DC125 /* InfoPlist.strings in Resources */ = {isa = PBXBuildFile; fileRef = C0F212871845D0BB005DC125 /* InfoPlist.strings */; };
		C0F2128B1845D0BB005DC125 /* main.m in Sources */ = {isa = PBXBuildFile; fileRef = C0F2128A1845D0BB005DC125 /* main.m */; };
		C0F2128F1845D0BB005DC125 /* AppDelegate.m in Sources */ = {isa = PBXBuildFile; fileRef = C0F2128E1845D0BB005DC125 /* AppDelegate.m */; };
		C0F212921845D0BB005DC125 /* Main_iPhone.storyboard in Resources */ = {isa = PBXBuildFile; fileRef = C0F212901845D0BB005DC125 /* Main_iPhone.storyboard */; };
		C0F212951845D0BB005DC125 /* Main_iPad.storyboard in Resources */ = {isa = PBXBuildFile; fileRef = C0F212931845D0BB005DC125 /* Main_iPad.storyboard */; };
		C0F212981845D0BB005DC125 /* ViewController.m in Sources */ = {isa = PBXBuildFile; fileRef = C0F212971845D0BB005DC125 /* ViewController.m */; };
		C0F2129A1845D0BB005DC125 /* Images.xcassets in Resources */ = {isa = PBXBuildFile; fileRef = C0F212991845D0BB005DC125 /* Images.xcassets */; };
		C0F212A11845D0BB005DC125 /* XCTest.framework in Frameworks */ = {isa = PBXBuildFile; fileRef = C0F212A01845D0BB005DC125 /* XCTest.framework */; };
		C0F212A21845D0BB005DC125 /* Foundation.framework in Frameworks */ = {isa = PBXBuildFile; fileRef = C0F2127E1845D0BB005DC125 /* Foundation.framework */; };
		C0F212A31845D0BB005DC125 /* UIKit.framework in Frameworks */ = {isa = PBXBuildFile; fileRef = C0F212821845D0BB005DC125 /* UIKit.framework */; };
		C0F212AB1845D0BB005DC125 /* InfoPlist.strings in Resources */ = {isa = PBXBuildFile; fileRef = C0F212A91845D0BB005DC125 /* InfoPlist.strings */; };
		C0F212AD1845D0BB005DC125 /* QRCodeReaderTests.m in Sources */ = {isa = PBXBuildFile; fileRef = C0F212AC1845D0BB005DC125 /* QRCodeReaderTests.m */; };
		C0F212B718465CCB005DC125 /* beep.mp3 in Resources */ = {isa = PBXBuildFile; fileRef = C0F212B618465CCB005DC125 /* beep.mp3 */; };
/* End PBXBuildFile section */

/* Begin PBXContainerItemProxy section */
		C0F212A41845D0BB005DC125 /* PBXContainerItemProxy */ = {
			isa = PBXContainerItemProxy;
			containerPortal = C0F212731845D0BB005DC125 /* Project object */;
			proxyType = 1;
			remoteGlobalIDString = C0F2127A1845D0BB005DC125;
			remoteInfo = QRCodeReader;
		};
/* End PBXContainerItemProxy section */

/* Begin PBXFileReference section */
		018AA5D81941A01300FAC8CA /* continueBG.png */ = {isa = PBXFileReference; lastKnownFileType = image.png; path = continueBG.png; sourceTree = "<group>"; };
		018AA5D91941A01300FAC8CA /* invalidBG.png */ = {isa = PBXFileReference; lastKnownFileType = image.png; path = invalidBG.png; sourceTree = "<group>"; };
		018AA5DA1941A01300FAC8CA /* missionLogo.png */ = {isa = PBXFileReference; lastKnownFileType = image.png; path = missionLogo.png; sourceTree = "<group>"; };
		018AA5DB1941A01300FAC8CA /* missionLogoSmall.png */ = {isa = PBXFileReference; lastKnownFileType = image.png; path = missionLogoSmall.png; sourceTree = "<group>"; };
		018AA5DC1941A01300FAC8CA /* startScanning.png */ = {isa = PBXFileReference; lastKnownFileType = image.png; path = startScanning.png; sourceTree = "<group>"; };
		018AA5DD1941A01300FAC8CA /* validBG.png */ = {isa = PBXFileReference; lastKnownFileType = image.png; path = validBG.png; sourceTree = "<group>"; };
		018AA5E51941A2E200FAC8CA /* OpenSans-ExtraBold.ttf */ = {isa = PBXFileReference; lastKnownFileType = file; path = "OpenSans-ExtraBold.ttf"; sourceTree = "<group>"; };
		018AA5E71941A38500FAC8CA /* OpenSans-CondLight.ttf */ = {isa = PBXFileReference; lastKnownFileType = file; path = "OpenSans-CondLight.ttf"; sourceTree = "<group>"; };
		018AA5E81941A38500FAC8CA /* OpenSans-CondBold.ttf */ = {isa = PBXFileReference; lastKnownFileType = file; path = "OpenSans-CondBold.ttf"; sourceTree = "<group>"; };
		018AA5EC1941A6BC00FAC8CA /* StartViewController.h */ = {isa = PBXFileReference; fileEncoding = 4; lastKnownFileType = sourcecode.c.h; path = StartViewController.h; sourceTree = "<group>"; };
		018AA5ED1941A6BC00FAC8CA /* StartViewController.m */ = {isa = PBXFileReference; fileEncoding = 4; lastKnownFileType = sourcecode.c.objc; path = StartViewController.m; sourceTree = "<group>"; };
		018AA5EF1941BEF200FAC8CA /* ScanViewController.h */ = {isa = PBXFileReference; fileEncoding = 4; lastKnownFileType = sourcecode.c.h; path = ScanViewController.h; sourceTree = "<group>"; };
		018AA5F01941BEF200FAC8CA /* ScanViewController.m */ = {isa = PBXFileReference; fileEncoding = 4; lastKnownFileType = sourcecode.c.objc; path = ScanViewController.m; sourceTree = "<group>"; };
		1CE694731944014E0094DE76 /* adMissionSettings.h */ = {isa = PBXFileReference; fileEncoding = 4; lastKnownFileType = sourcecode.c.h; path = adMissionSettings.h; sourceTree = "<group>"; };
		1CE694741944014E0094DE76 /* adMissionSettings.m */ = {isa = PBXFileReference; fileEncoding = 4; lastKnownFileType = sourcecode.c.objc; path = adMissionSettings.m; sourceTree = "<group>"; };
		C0F2127B1845D0BB005DC125 /* adMission.app */ = {isa = PBXFileReference; explicitFileType = wrapper.application; includeInIndex = 0; path = adMission.app; sourceTree = BUILT_PRODUCTS_DIR; };
		C0F2127E1845D0BB005DC125 /* Foundation.framework */ = {isa = PBXFileReference; lastKnownFileType = wrapper.framework; name = Foundation.framework; path = System/Library/Frameworks/Foundation.framework; sourceTree = SDKROOT; };
		C0F212801845D0BB005DC125 /* CoreGraphics.framework */ = {isa = PBXFileReference; lastKnownFileType = wrapper.framework; name = CoreGraphics.framework; path = System/Library/Frameworks/CoreGraphics.framework; sourceTree = SDKROOT; };
		C0F212821845D0BB005DC125 /* UIKit.framework */ = {isa = PBXFileReference; lastKnownFileType = wrapper.framework; name = UIKit.framework; path = System/Library/Frameworks/UIKit.framework; sourceTree = SDKROOT; };
		C0F212861845D0BB005DC125 /* adMission-Info.plist */ = {isa = PBXFileReference; lastKnownFileType = text.plist.xml; path = "adMission-Info.plist"; sourceTree = "<group>"; };
		C0F212881845D0BB005DC125 /* en */ = {isa = PBXFileReference; lastKnownFileType = text.plist.strings; name = en; path = en.lproj/InfoPlist.strings; sourceTree = "<group>"; };
		C0F2128A1845D0BB005DC125 /* main.m */ = {isa = PBXFileReference; lastKnownFileType = sourcecode.c.objc; path = main.m; sourceTree = "<group>"; };
		C0F2128C1845D0BB005DC125 /* adMission-Prefix.pch */ = {isa = PBXFileReference; lastKnownFileType = sourcecode.c.h; path = "adMission-Prefix.pch"; sourceTree = "<group>"; };
		C0F2128D1845D0BB005DC125 /* AppDelegate.h */ = {isa = PBXFileReference; lastKnownFileType = sourcecode.c.h; path = AppDelegate.h; sourceTree = "<group>"; };
		C0F2128E1845D0BB005DC125 /* AppDelegate.m */ = {isa = PBXFileReference; lastKnownFileType = sourcecode.c.objc; path = AppDelegate.m; sourceTree = "<group>"; };
		C0F212911845D0BB005DC125 /* Base */ = {isa = PBXFileReference; lastKnownFileType = file.storyboard; name = Base; path = Base.lproj/Main_iPhone.storyboard; sourceTree = "<group>"; };
		C0F212941845D0BB005DC125 /* Base */ = {isa = PBXFileReference; lastKnownFileType = file.storyboard; name = Base; path = Base.lproj/Main_iPad.storyboard; sourceTree = "<group>"; };
		C0F212961845D0BB005DC125 /* ViewController.h */ = {isa = PBXFileReference; lastKnownFileType = sourcecode.c.h; path = ViewController.h; sourceTree = "<group>"; };
		C0F212971845D0BB005DC125 /* ViewController.m */ = {isa = PBXFileReference; lastKnownFileType = sourcecode.c.objc; path = ViewController.m; sourceTree = "<group>"; };
		C0F212991845D0BB005DC125 /* Images.xcassets */ = {isa = PBXFileReference; lastKnownFileType = folder.assetcatalog; path = Images.xcassets; sourceTree = "<group>"; };
		C0F2129F1845D0BB005DC125 /* adMissionTests.xctest */ = {isa = PBXFileReference; explicitFileType = wrapper.cfbundle; includeInIndex = 0; path = adMissionTests.xctest; sourceTree = BUILT_PRODUCTS_DIR; };
		C0F212A01845D0BB005DC125 /* XCTest.framework */ = {isa = PBXFileReference; lastKnownFileType = wrapper.framework; name = XCTest.framework; path = Library/Frameworks/XCTest.framework; sourceTree = DEVELOPER_DIR; };
		C0F212A81845D0BB005DC125 /* adMissionTests-Info.plist */ = {isa = PBXFileReference; lastKnownFileType = text.plist.xml; path = "adMissionTests-Info.plist"; sourceTree = "<group>"; };
		C0F212AA1845D0BB005DC125 /* en */ = {isa = PBXFileReference; lastKnownFileType = text.plist.strings; name = en; path = en.lproj/InfoPlist.strings; sourceTree = "<group>"; };
		C0F212AC1845D0BB005DC125 /* QRCodeReaderTests.m */ = {isa = PBXFileReference; lastKnownFileType = sourcecode.c.objc; path = QRCodeReaderTests.m; sourceTree = "<group>"; };
		C0F212B618465CCB005DC125 /* beep.mp3 */ = {isa = PBXFileReference; lastKnownFileType = audio.mp3; path = beep.mp3; sourceTree = "<group>"; };
/* End PBXFileReference section */

/* Begin PBXFrameworksBuildPhase section */
		C0F212781845D0BB005DC125 /* Frameworks */ = {
			isa = PBXFrameworksBuildPhase;
			buildActionMask = 2147483647;
			files = (
				C0F212811845D0BB005DC125 /* CoreGraphics.framework in Frameworks */,
				C0F212831845D0BB005DC125 /* UIKit.framework in Frameworks */,
				C0F2127F1845D0BB005DC125 /* Foundation.framework in Frameworks */,
			);
			runOnlyForDeploymentPostprocessing = 0;
		};
		C0F2129C1845D0BB005DC125 /* Frameworks */ = {
			isa = PBXFrameworksBuildPhase;
			buildActionMask = 2147483647;
			files = (
				C0F212A11845D0BB005DC125 /* XCTest.framework in Frameworks */,
				C0F212A31845D0BB005DC125 /* UIKit.framework in Frameworks */,
				C0F212A21845D0BB005DC125 /* Foundation.framework in Frameworks */,
			);
			runOnlyForDeploymentPostprocessing = 0;
		};
/* End PBXFrameworksBuildPhase section */

/* Begin PBXGroup section */
		018AA5D619419A9200FAC8CA /* Resources */ = {
			isa = PBXGroup;
			children = (
				018AA5E41941A2B400FAC8CA /* Fonts */,
				018AA5D719419AAC00FAC8CA /* Images */,
			);
			name = Resources;
			path = QRCodeReader;
			sourceTree = "<group>";
		};
		018AA5D719419AAC00FAC8CA /* Images */ = {
			isa = PBXGroup;
			children = (
				018AA5D81941A01300FAC8CA /* continueBG.png */,
				018AA5D91941A01300FAC8CA /* invalidBG.png */,
				018AA5DA1941A01300FAC8CA /* missionLogo.png */,
				018AA5DB1941A01300FAC8CA /* missionLogoSmall.png */,
				018AA5DC1941A01300FAC8CA /* startScanning.png */,
				018AA5DD1941A01300FAC8CA /* validBG.png */,
			);
			name = Images;
			sourceTree = "<group>";
		};
		018AA5E41941A2B400FAC8CA /* Fonts */ = {
			isa = PBXGroup;
			children = (
				018AA5E71941A38500FAC8CA /* OpenSans-CondLight.ttf */,
				018AA5E81941A38500FAC8CA /* OpenSans-CondBold.ttf */,
				018AA5E51941A2E200FAC8CA /* OpenSans-ExtraBold.ttf */,
			);
			name = Fonts;
			sourceTree = "<group>";
		};
		C0F212721845D0BB005DC125 = {
			isa = PBXGroup;
			children = (
				C0F212841845D0BB005DC125 /* adMission */,
				018AA5D619419A9200FAC8CA /* Resources */,
				C0F212A61845D0BB005DC125 /* QRCodeReaderTests */,
				C0F2127D1845D0BB005DC125 /* Frameworks */,
				C0F2127C1845D0BB005DC125 /* Products */,
			);
			sourceTree = "<group>";
		};
		C0F2127C1845D0BB005DC125 /* Products */ = {
			isa = PBXGroup;
			children = (
				C0F2127B1845D0BB005DC125 /* adMission.app */,
				C0F2129F1845D0BB005DC125 /* adMissionTests.xctest */,
			);
			name = Products;
			sourceTree = "<group>";
		};
		C0F2127D1845D0BB005DC125 /* Frameworks */ = {
			isa = PBXGroup;
			children = (
				C0F2127E1845D0BB005DC125 /* Foundation.framework */,
				C0F212801845D0BB005DC125 /* CoreGraphics.framework */,
				C0F212821845D0BB005DC125 /* UIKit.framework */,
				C0F212A01845D0BB005DC125 /* XCTest.framework */,
			);
			name = Frameworks;
			sourceTree = "<group>";
		};
		C0F212841845D0BB005DC125 /* adMission */ = {
			isa = PBXGroup;
			children = (
				C0F2128D1845D0BB005DC125 /* AppDelegate.h */,
				C0F2128E1845D0BB005DC125 /* AppDelegate.m */,
				C0F212901845D0BB005DC125 /* Main_iPhone.storyboard */,
				C0F212931845D0BB005DC125 /* Main_iPad.storyboard */,
				C0F212961845D0BB005DC125 /* ViewController.h */,
				C0F212971845D0BB005DC125 /* ViewController.m */,
				018AA5EC1941A6BC00FAC8CA /* StartViewController.h */,
				018AA5ED1941A6BC00FAC8CA /* StartViewController.m */,
				018AA5EF1941BEF200FAC8CA /* ScanViewController.h */,
				018AA5F01941BEF200FAC8CA /* ScanViewController.m */,
				C0F212B618465CCB005DC125 /* beep.mp3 */,
				1CE694731944014E0094DE76 /* adMissionSettings.h */,
				1CE694741944014E0094DE76 /* adMissionSettings.m */,
				C0F212991845D0BB005DC125 /* Images.xcassets */,
				C0F212851845D0BB005DC125 /* Supporting Files */,
			);
			name = adMission;
			path = QRCodeReader;
			sourceTree = "<group>";
		};
		C0F212851845D0BB005DC125 /* Supporting Files */ = {
			isa = PBXGroup;
			children = (
				C0F212861845D0BB005DC125 /* adMission-Info.plist */,
				C0F212871845D0BB005DC125 /* InfoPlist.strings */,
				C0F2128A1845D0BB005DC125 /* main.m */,
				C0F2128C1845D0BB005DC125 /* adMission-Prefix.pch */,
			);
			name = "Supporting Files";
			sourceTree = "<group>";
		};
		C0F212A61845D0BB005DC125 /* QRCodeReaderTests */ = {
			isa = PBXGroup;
			children = (
				C0F212AC1845D0BB005DC125 /* QRCodeReaderTests.m */,
				C0F212A71845D0BB005DC125 /* Supporting Files */,
			);
			path = QRCodeReaderTests;
			sourceTree = "<group>";
		};
		C0F212A71845D0BB005DC125 /* Supporting Files */ = {
			isa = PBXGroup;
			children = (
				C0F212A81845D0BB005DC125 /* adMissionTests-Info.plist */,
				C0F212A91845D0BB005DC125 /* InfoPlist.strings */,
			);
			name = "Supporting Files";
			sourceTree = "<group>";
		};
/* End PBXGroup section */

/* Begin PBXNativeTarget section */
		C0F2127A1845D0BB005DC125 /* adMission */ = {
			isa = PBXNativeTarget;
			buildConfigurationList = C0F212B01845D0BB005DC125 /* Build configuration list for PBXNativeTarget "adMission" */;
			buildPhases = (
				C0F212771845D0BB005DC125 /* Sources */,
				C0F212781845D0BB005DC125 /* Frameworks */,
				C0F212791845D0BB005DC125 /* Resources */,
			);
			buildRules = (
			);
			dependencies = (
			);
			name = adMission;
			productName = QRCodeReader;
			productReference = C0F2127B1845D0BB005DC125 /* adMission.app */;
			productType = "com.apple.product-type.application";
		};
		C0F2129E1845D0BB005DC125 /* adMissionTests */ = {
			isa = PBXNativeTarget;
			buildConfigurationList = C0F212B31845D0BB005DC125 /* Build configuration list for PBXNativeTarget "adMissionTests" */;
			buildPhases = (
				C0F2129B1845D0BB005DC125 /* Sources */,
				C0F2129C1845D0BB005DC125 /* Frameworks */,
				C0F2129D1845D0BB005DC125 /* Resources */,
			);
			buildRules = (
			);
			dependencies = (
				C0F212A51845D0BB005DC125 /* PBXTargetDependency */,
			);
			name = adMissionTests;
			productName = QRCodeReaderTests;
			productReference = C0F2129F1845D0BB005DC125 /* adMissionTests.xctest */;
			productType = "com.apple.product-type.bundle.unit-test";
		};
/* End PBXNativeTarget section */

/* Begin PBXProject section */
		C0F212731845D0BB005DC125 /* Project object */ = {
			isa = PBXProject;
			attributes = {
				LastUpgradeCheck = 0500;
				ORGANIZATIONNAME = Appcoda;
				TargetAttributes = {
					C0F2127A1845D0BB005DC125 = {
						DevelopmentTeam = DRMXC3269D;
					};
					C0F2129E1845D0BB005DC125 = {
						TestTargetID = C0F2127A1845D0BB005DC125;
					};
				};
			};
			buildConfigurationList = C0F212761845D0BB005DC125 /* Build configuration list for PBXProject "adMission" */;
			compatibilityVersion = "Xcode 3.2";
			developmentRegion = English;
			hasScannedForEncodings = 0;
			knownRegions = (
				en,
				Base,
			);
			mainGroup = C0F212721845D0BB005DC125;
			productRefGroup = C0F2127C1845D0BB005DC125 /* Products */;
			projectDirPath = "";
			projectRoot = "";
			targets = (
				C0F2127A1845D0BB005DC125 /* adMission */,
				C0F2129E1845D0BB005DC125 /* adMissionTests */,
			);
		};
/* End PBXProject section */

/* Begin PBXResourcesBuildPhase section */
		C0F212791845D0BB005DC125 /* Resources */ = {
			isa = PBXResourcesBuildPhase;
			buildActionMask = 2147483647;
			files = (
				C0F212B718465CCB005DC125 /* beep.mp3 in Resources */,
				018AA5E11941A01300FAC8CA /* missionLogoSmall.png in Resources */,
				018AA5E91941A38500FAC8CA /* OpenSans-CondLight.ttf in Resources */,
				C0F212951845D0BB005DC125 /* Main_iPad.storyboard in Resources */,
				018AA5EA1941A38500FAC8CA /* OpenSans-CondBold.ttf in Resources */,
				018AA5E21941A01300FAC8CA /* startScanning.png in Resources */,
				C0F2129A1845D0BB005DC125 /* Images.xcassets in Resources */,
				018AA5E31941A01300FAC8CA /* validBG.png in Resources */,
				018AA5DE1941A01300FAC8CA /* continueBG.png in Resources */,
				C0F212921845D0BB005DC125 /* Main_iPhone.storyboard in Resources */,
				018AA5E01941A01300FAC8CA /* missionLogo.png in Resources */,
				C0F212891845D0BB005DC125 /* InfoPlist.strings in Resources */,
				018AA5DF1941A01300FAC8CA /* invalidBG.png in Resources */,
				018AA5E61941A2E200FAC8CA /* OpenSans-ExtraBold.ttf in Resources */,
			);
			runOnlyForDeploymentPostprocessing = 0;
		};
		C0F2129D1845D0BB005DC125 /* Resources */ = {
			isa = PBXResourcesBuildPhase;
			buildActionMask = 2147483647;
			files = (
				C0F212AB1845D0BB005DC125 /* InfoPlist.strings in Resources */,
			);
			runOnlyForDeploymentPostprocessing = 0;
		};
/* End PBXResourcesBuildPhase section */

/* Begin PBXSourcesBuildPhase section */
		C0F212771845D0BB005DC125 /* Sources */ = {
			isa = PBXSourcesBuildPhase;
			buildActionMask = 2147483647;
			files = (
				C0F212981845D0BB005DC125 /* ViewController.m in Sources */,
				018AA5F11941BEF200FAC8CA /* ScanViewController.m in Sources */,
				C0F2128F1845D0BB005DC125 /* AppDelegate.m in Sources */,
				018AA5EE1941A6BC00FAC8CA /* StartViewController.m in Sources */,
				1CE694751944014E0094DE76 /* adMissionSettings.m in Sources */,
				C0F2128B1845D0BB005DC125 /* main.m in Sources */,
			);
			runOnlyForDeploymentPostprocessing = 0;
		};
		C0F2129B1845D0BB005DC125 /* Sources */ = {
			isa = PBXSourcesBuildPhase;
			buildActionMask = 2147483647;
			files = (
				C0F212AD1845D0BB005DC125 /* QRCodeReaderTests.m in Sources */,
			);
			runOnlyForDeploymentPostprocessing = 0;
		};
/* End PBXSourcesBuildPhase section */

/* Begin PBXTargetDependency section */
		C0F212A51845D0BB005DC125 /* PBXTargetDependency */ = {
			isa = PBXTargetDependency;
			target = C0F2127A1845D0BB005DC125 /* adMission */;
			targetProxy = C0F212A41845D0BB005DC125 /* PBXContainerItemProxy */;
		};
/* End PBXTargetDependency section */

/* Begin PBXVariantGroup section */
		C0F212871845D0BB005DC125 /* InfoPlist.strings */ = {
			isa = PBXVariantGroup;
			children = (
				C0F212881845D0BB005DC125 /* en */,
			);
			name = InfoPlist.strings;
			sourceTree = "<group>";
		};
		C0F212901845D0BB005DC125 /* Main_iPhone.storyboard */ = {
			isa = PBXVariantGroup;
			children = (
				C0F212911845D0BB005DC125 /* Base */,
			);
			name = Main_iPhone.storyboard;
			sourceTree = "<group>";
		};
		C0F212931845D0BB005DC125 /* Main_iPad.storyboard */ = {
			isa = PBXVariantGroup;
			children = (
				C0F212941845D0BB005DC125 /* Base */,
			);
			name = Main_iPad.storyboard;
			sourceTree = "<group>";
		};
		C0F212A91845D0BB005DC125 /* InfoPlist.strings */ = {
			isa = PBXVariantGroup;
			children = (
				C0F212AA1845D0BB005DC125 /* en */,
			);
			name = InfoPlist.strings;
			sourceTree = "<group>";
		};
/* End PBXVariantGroup section */

/* Begin XCBuildConfiguration section */
		C0F212AE1845D0BB005DC125 /* Debug */ = {
			isa = XCBuildConfiguration;
			buildSettings = {
				ALWAYS_SEARCH_USER_PATHS = NO;
				ARCHS = "$(ARCHS_STANDARD_INCLUDING_64_BIT)";
				CLANG_CXX_LANGUAGE_STANDARD = "gnu++0x";
				CLANG_CXX_LIBRARY = "libc++";
				CLANG_ENABLE_MODULES = YES;
				CLANG_ENABLE_OBJC_ARC = YES;
				CLANG_WARN_BOOL_CONVERSION = YES;
				CLANG_WARN_CONSTANT_CONVERSION = YES;
				CLANG_WARN_DIRECT_OBJC_ISA_USAGE = YES_ERROR;
				CLANG_WARN_EMPTY_BODY = YES;
				CLANG_WARN_ENUM_CONVERSION = YES;
				CLANG_WARN_INT_CONVERSION = YES;
				CLANG_WARN_OBJC_ROOT_CLASS = YES_ERROR;
				CLANG_WARN__DUPLICATE_METHOD_MATCH = YES;
				"CODE_SIGN_IDENTITY[sdk=iphoneos*]" = "iPhone Developer";
				COPY_PHASE_STRIP = NO;
				GCC_C_LANGUAGE_STANDARD = gnu99;
				GCC_DYNAMIC_NO_PIC = NO;
				GCC_OPTIMIZATION_LEVEL = 0;
				GCC_PREPROCESSOR_DEFINITIONS = (
					"DEBUG=1",
					"$(inherited)",
				);
				GCC_SYMBOLS_PRIVATE_EXTERN = NO;
				GCC_WARN_64_TO_32_BIT_CONVERSION = YES;
				GCC_WARN_ABOUT_RETURN_TYPE = YES_ERROR;
				GCC_WARN_UNDECLARED_SELECTOR = YES;
				GCC_WARN_UNINITIALIZED_AUTOS = YES;
				GCC_WARN_UNUSED_FUNCTION = YES;
				GCC_WARN_UNUSED_VARIABLE = YES;
				IPHONEOS_DEPLOYMENT_TARGET = 7.0;
				ONLY_ACTIVE_ARCH = YES;
				SDKROOT = iphoneos;
				TARGETED_DEVICE_FAMILY = "1,2";
			};
			name = Debug;
		};
		C0F212AF1845D0BB005DC125 /* Release */ = {
			isa = XCBuildConfiguration;
			buildSettings = {
				ALWAYS_SEARCH_USER_PATHS = NO;
				ARCHS = "$(ARCHS_STANDARD_INCLUDING_64_BIT)";
				CLANG_CXX_LANGUAGE_STANDARD = "gnu++0x";
				CLANG_CXX_LIBRARY = "libc++";
				CLANG_ENABLE_MODULES = YES;
				CLANG_ENABLE_OBJC_ARC = YES;
				CLANG_WARN_BOOL_CONVERSION = YES;
				CLANG_WARN_CONSTANT_CONVERSION = YES;
				CLANG_WARN_DIRECT_OBJC_ISA_USAGE = YES_ERROR;
				CLANG_WARN_EMPTY_BODY = YES;
				CLANG_WARN_ENUM_CONVERSION = YES;
				CLANG_WARN_INT_CONVERSION = YES;
				CLANG_WARN_OBJC_ROOT_CLASS = YES_ERROR;
				CLANG_WARN__DUPLICATE_METHOD_MATCH = YES;
				"CODE_SIGN_IDENTITY[sdk=iphoneos*]" = "iPhone Developer";
				COPY_PHASE_STRIP = YES;
				ENABLE_NS_ASSERTIONS = NO;
				GCC_C_LANGUAGE_STANDARD = gnu99;
				GCC_WARN_64_TO_32_BIT_CONVERSION = YES;
				GCC_WARN_ABOUT_RETURN_TYPE = YES_ERROR;
				GCC_WARN_UNDECLARED_SELECTOR = YES;
				GCC_WARN_UNINITIALIZED_AUTOS = YES;
				GCC_WARN_UNUSED_FUNCTION = YES;
				GCC_WARN_UNUSED_VARIABLE = YES;
				IPHONEOS_DEPLOYMENT_TARGET = 7.0;
				SDKROOT = iphoneos;
				TARGETED_DEVICE_FAMILY = "1,2";
				VALIDATE_PRODUCT = YES;
			};
			name = Release;
		};
		C0F212B11845D0BB005DC125 /* Debug */ = {
			isa = XCBuildConfiguration;
			buildSettings = {
				ASSETCATALOG_COMPILER_APPICON_NAME = AppIcon;
				ASSETCATALOG_COMPILER_LAUNCHIMAGE_NAME = LaunchImage;
				CODE_SIGN_IDENTITY = "iPhone Distribution: Motifworks Inc. (DRMXC3269D)";
				"CODE_SIGN_IDENTITY[sdk=iphoneos*]" = "iPhone Distribution: Motifworks Inc. (DRMXC3269D)";
				GCC_PRECOMPILE_PREFIX_HEADER = YES;
				GCC_PREFIX_HEADER = "QRCodeReader/adMission-Prefix.pch";
				INFOPLIST_FILE = "QRCodeReader/adMission-Info.plist";
				PRODUCT_NAME = adMission;
				PROVISIONING_PROFILE = "89A7EBFE-3C00-4115-8E27-BAC1464ABC5F";
				TARGETED_DEVICE_FAMILY = 1;
				WRAPPER_EXTENSION = app;
			};
			name = Debug;
		};
		C0F212B21845D0BB005DC125 /* Release */ = {
			isa = XCBuildConfiguration;
			buildSettings = {
				ASSETCATALOG_COMPILER_APPICON_NAME = AppIcon;
				ASSETCATALOG_COMPILER_LAUNCHIMAGE_NAME = LaunchImage;
				CODE_SIGN_IDENTITY = "iPhone Distribution: Motifworks Inc. (DRMXC3269D)";
				"CODE_SIGN_IDENTITY[sdk=iphoneos*]" = "iPhone Distribution: Motifworks Inc. (DRMXC3269D)";
				GCC_PRECOMPILE_PREFIX_HEADER = YES;
				GCC_PREFIX_HEADER = "QRCodeReader/adMission-Prefix.pch";
				INFOPLIST_FILE = "QRCodeReader/adMission-Info.plist";
				PRODUCT_NAME = adMission;
				PROVISIONING_PROFILE = "89A7EBFE-3C00-4115-8E27-BAC1464ABC5F";
				TARGETED_DEVICE_FAMILY = 1;
				WRAPPER_EXTENSION = app;
			};
			name = Release;
		};
		C0F212B41845D0BB005DC125 /* Debug */ = {
			isa = XCBuildConfiguration;
			buildSettings = {
				ARCHS = "$(ARCHS_STANDARD_INCLUDING_64_BIT)";
				BUNDLE_LOADER = "$(BUILT_PRODUCTS_DIR)/QRCodeReader.app/QRCodeReader";
				FRAMEWORK_SEARCH_PATHS = (
					"$(SDKROOT)/Developer/Library/Frameworks",
					"$(inherited)",
					"$(DEVELOPER_FRAMEWORKS_DIR)",
				);
				GCC_PRECOMPILE_PREFIX_HEADER = YES;
				GCC_PREFIX_HEADER = "QRCodeReader/QRCodeReader-Prefix.pch";
				GCC_PREPROCESSOR_DEFINITIONS = (
					"DEBUG=1",
					"$(inherited)",
				);
				INFOPLIST_FILE = "QRCodeReaderTests/adMissionTests-Info.plist";
				PRODUCT_NAME = adMissionTests;
				TEST_HOST = "$(BUNDLE_LOADER)";
				WRAPPER_EXTENSION = xctest;
			};
			name = Debug;
		};
		C0F212B51845D0BB005DC125 /* Release */ = {
			isa = XCBuildConfiguration;
			buildSettings = {
				ARCHS = "$(ARCHS_STANDARD_INCLUDING_64_BIT)";
				BUNDLE_LOADER = "$(BUILT_PRODUCTS_DIR)/QRCodeReader.app/QRCodeReader";
				FRAMEWORK_SEARCH_PATHS = (
					"$(SDKROOT)/Developer/Library/Frameworks",
					"$(inherited)",
					"$(DEVELOPER_FRAMEWORKS_DIR)",
				);
				GCC_PRECOMPILE_PREFIX_HEADER = YES;
				GCC_PREFIX_HEADER = "QRCodeReader/QRCodeReader-Prefix.pch";
				INFOPLIST_FILE = "QRCodeReaderTests/adMissionTests-Info.plist";
				PRODUCT_NAME = adMissionTests;
				TEST_HOST = "$(BUNDLE_LOADER)";
				WRAPPER_EXTENSION = xctest;
			};
			name = Release;
		};
/* End XCBuildConfiguration section */

/* Begin XCConfigurationList section */
		C0F212761845D0BB005DC125 /* Build configuration list for PBXProject "adMission" */ = {
			isa = XCConfigurationList;
			buildConfigurations = (
				C0F212AE1845D0BB005DC125 /* Debug */,
				C0F212AF1845D0BB005DC125 /* Release */,
			);
			defaultConfigurationIsVisible = 0;
			defaultConfigurationName = Release;
		};
		C0F212B01845D0BB005DC125 /* Build configuration list for PBXNativeTarget "adMission" */ = {
			isa = XCConfigurationList;
			buildConfigurations = (
				C0F212B11845D0BB005DC125 /* Debug */,
				C0F212B21845D0BB005DC125 /* Release */,
			);
			defaultConfigurationIsVisible = 0;
			defaultConfigurationName = Release;
		};
		C0F212B31845D0BB005DC125 /* Build configuration list for PBXNativeTarget "adMissionTests" */ = {
			isa = XCConfigurationList;
			buildConfigurations = (
				C0F212B41845D0BB005DC125 /* Debug */,
				C0F212B51845D0BB005DC125 /* Release */,
			);
			defaultConfigurationIsVisible = 0;
			defaultConfigurationName = Release;
		};
/* End XCConfigurationList section */
	};
	rootObject = C0F212731845D0BB005DC125 /* Project object */;
}
